
Microsoft Visual Studio Solution File, Format Version 12.00
# Visual Studio Version 16
VisualStudioVersion = 16.0.31729.503
MinimumVisualStudioVersion = 10.0.40219.1
Project("{9A19103F-16F7-4668-BE54-9A1E7A4F7556}") = "ProcurementManagementSystemServices", "ProcurementManagementSystemServices\ProcurementManagementSystemServices.csproj", "{1BCC4068-E4D8-4938-8C87-407F5820055C}"
EndProject
Global
	GlobalSection(SolutionConfigurationPlatforms) = preSolution
		Debug|Any CPU = Debug|Any CPU
		Release|Any CPU = Release|Any CPU
	EndGlobalSection
	GlobalSection(ProjectConfigurationPlatforms) = postSolution
		{1BCC4068-E4D8-4938-8C87-407F5820055C}.Debug|Any CPU.ActiveCfg = Debug|Any CPU
		{1BCC4068-E4D8-4938-8C87-407F5820055C}.Debug|Any CPU.Build.0 = Debug|Any CPU
		{1BCC4068-E4D8-4938-8C87-407F5820055C}.Release|Any CPU.ActiveCfg = Release|Any CPU
		{1BCC4068-E4D8-4938-8C87-407F5820055C}.Release|Any CPU.Build.0 = Release|Any CPU
	EndGlobalSection
	GlobalSection(SolutionProperties) = preSolution
		HideSolutionNode = FALSE
	EndGlobalSection
	GlobalSection(ExtensibilityGlobals) = postSolution
		SolutionGuid = {D38D841E-A08E-4AE8-9D37-339B342B9423}
	EndGlobalSection
EndGlobal
